# THIS IS AN AUTOGENERATED FILE. DO NOT EDIT THIS FILE DIRECTLY.
# yarn lockfile v1


"@capacitor/android@^3.0.0":
  version "3.4.1"
  resolved "https://registry.yarnpkg.com/@capacitor/android/-/android-3.4.1.tgz#d4accc41c843927853d27c7f638487bd52633486"
  integrity sha512-4qQGEdZTW8W01PTOzSScmx9NBDcsi1GRl32tyYnpQrjdH2f7hI9OX2MLbNkirtOwKNCDeinQfEqqn0hVCkgHag==

"@capacitor/ios@^3.0.0":
  version "3.4.1"
  resolved "https://registry.yarnpkg.com/@capacitor/ios/-/ios-3.4.1.tgz#0ae173056924294aa1e468b70377d603abea790e"
  integrity sha512-ycFCyKI8DsgedVg7PW5MpCVgqFuD0PMHQGVfC5ichXc2C/jAATX32EVdEMCB0N3guKoH2k6T3Efwg59+Fcdx2w==
